
Microsoft Visual Studio Solution File, Format Version 12.00
# Visual Studio Version 17
VisualStudioVersion = 17.4.33122.133
MinimumVisualStudioVersion = 10.0.40219.1
Project("{FAE04EC0-301F-11D3-BF4B-00C04F79EFBC}") = "CrispImage-Test", "CrispImage-Test.csproj", "{68F6DDC8-056A-4434-85B4-B736222F2953}"
EndProject
Global
	GlobalSection(SolutionConfigurationPlatforms) = preSolution
		Debug|Any CPU = Debug|Any CPU
		Release|Any CPU = Release|Any CPU
	EndGlobalSection
	GlobalSection(ProjectConfigurationPlatforms) = postSolution
		{68F6DDC8-056A-4434-85B4-B736222F2953}.Debug|Any CPU.ActiveCfg = Debug|Any CPU
		{68F6DDC8-056A-4434-85B4-B736222F2953}.Debug|Any CPU.Build.0 = Debug|Any CPU
		{68F6DDC8-056A-4434-85B4-B736222F2953}.Release|Any CPU.ActiveCfg = Release|Any CPU
		{68F6DDC8-056A-4434-85B4-B736222F2953}.Release|Any CPU.Build.0 = Release|Any CPU
	EndGlobalSection
	GlobalSection(SolutionProperties) = preSolution
		HideSolutionNode = FALSE
	EndGlobalSection
	GlobalSection(ExtensibilityGlobals) = postSolution
		SolutionGuid = {B0B93747-3262-4CDA-86D1-D73EAECB2E99}
	EndGlobalSection
EndGlobal
